
Microsoft Visual Studio Solution File, Format Version 11.00
# Visual Studio 2010
Project("{FAE04EC0-301F-11D3-BF4B-00C04F79EFBC}") = "SampleTextField_Xamarin", "SampleTextField_Xamarin\SampleTextField_Xamarin.csproj", "{05336E73-9498-421E-83AE-CA182325D10A}"
EndProject
Global
	GlobalSection(SolutionConfigurationPlatforms) = preSolution
		Debug|iPhoneSimulator = Debug|iPhoneSimulator
		Release|iPhoneSimulator = Release|iPhoneSimulator
		Debug|iPhone = Debug|iPhone
		Release|iPhone = Release|iPhone
		Ad-Hoc|iPhone = Ad-Hoc|iPhone
		AppStore|iPhone = AppStore|iPhone
	EndGlobalSection
	GlobalSection(ProjectConfigurationPlatforms) = postSolution
		{05336E73-9498-421E-83AE-CA182325D10A}.Ad-Hoc|iPhone.ActiveCfg = Ad-Hoc|iPhone
		{05336E73-9498-421E-83AE-CA182325D10A}.Ad-Hoc|iPhone.Build.0 = Ad-Hoc|iPhone
		{05336E73-9498-421E-83AE-CA182325D10A}.AppStore|iPhone.ActiveCfg = AppStore|iPhone
		{05336E73-9498-421E-83AE-CA182325D10A}.AppStore|iPhone.Build.0 = AppStore|iPhone
		{05336E73-9498-421E-83AE-CA182325D10A}.Debug|iPhone.ActiveCfg = Debug|iPhone
		{05336E73-9498-421E-83AE-CA182325D10A}.Debug|iPhone.Build.0 = Debug|iPhone
		{05336E73-9498-421E-83AE-CA182325D10A}.Debug|iPhoneSimulator.ActiveCfg = Debug|iPhoneSimulator
		{05336E73-9498-421E-83AE-CA182325D10A}.Debug|iPhoneSimulator.Build.0 = Debug|iPhoneSimulator
		{05336E73-9498-421E-83AE-CA182325D10A}.Release|iPhone.ActiveCfg = Release|iPhone
		{05336E73-9498-421E-83AE-CA182325D10A}.Release|iPhone.Build.0 = Release|iPhone
		{05336E73-9498-421E-83AE-CA182325D10A}.Release|iPhoneSimulator.ActiveCfg = Release|iPhoneSimulator
		{05336E73-9498-421E-83AE-CA182325D10A}.Release|iPhoneSimulator.Build.0 = Release|iPhoneSimulator
	EndGlobalSection
	GlobalSection(MonoDevelopProperties) = preSolution
		StartupItem = SampleTextField_Xamarin\SampleTextField_Xamarin.csproj
	EndGlobalSection
EndGlobal
